
Microsoft Visual Studio Solution File, Format Version 12.00
# Visual Studio Version 16
VisualStudioVersion = 16.0.31911.196
MinimumVisualStudioVersion = 10.0.40219.1
Project("{FAE04EC0-301F-11D3-BF4B-00C04F79EFBC}") = "DragonSushiSystem", "DragonSushiSystem\DragonSushiSystem.csproj", "{107D1D31-B3AD-4183-ABA5-4C69B832C32B}"
EndProject
Global
	GlobalSection(SolutionConfigurationPlatforms) = preSolution
		Debug|Any CPU = Debug|Any CPU
		Release|Any CPU = Release|Any CPU
	EndGlobalSection
	GlobalSection(ProjectConfigurationPlatforms) = postSolution
		{107D1D31-B3AD-4183-ABA5-4C69B832C32B}.Debug|Any CPU.ActiveCfg = Debug|Any CPU
		{107D1D31-B3AD-4183-ABA5-4C69B832C32B}.Debug|Any CPU.Build.0 = Debug|Any CPU
		{107D1D31-B3AD-4183-ABA5-4C69B832C32B}.Release|Any CPU.ActiveCfg = Release|Any CPU
		{107D1D31-B3AD-4183-ABA5-4C69B832C32B}.Release|Any CPU.Build.0 = Release|Any CPU
	EndGlobalSection
	GlobalSection(SolutionProperties) = preSolution
		HideSolutionNode = FALSE
	EndGlobalSection
	GlobalSection(ExtensibilityGlobals) = postSolution
		SolutionGuid = {FA7D4DFB-5DE1-400C-AE05-196B021E9F8C}
	EndGlobalSection
EndGlobal
